
Microsoft Visual Studio Solution File, Format Version 12.00
# Visual Studio Version 17
VisualStudioVersion = 17.5.33424.131
MinimumVisualStudioVersion = 10.0.40219.1
Project("{8BC9CEB8-8B4A-11D0-8D11-00A0C91BC942}") = "find_big_number", "find_big_number\find_big_number.vcxproj", "{A8B565F5-5966-447C-9952-B31D6F5DA376}"
EndProject
Global
	GlobalSection(SolutionConfigurationPlatforms) = preSolution
		Debug|x64 = Debug|x64
		Debug|x86 = Debug|x86
		Release|x64 = Release|x64
		Release|x86 = Release|x86
	EndGlobalSection
	GlobalSection(ProjectConfigurationPlatforms) = postSolution
		{A8B565F5-5966-447C-9952-B31D6F5DA376}.Debug|x64.ActiveCfg = Debug|x64
		{A8B565F5-5966-447C-9952-B31D6F5DA376}.Debug|x64.Build.0 = Debug|x64
		{A8B565F5-5966-447C-9952-B31D6F5DA376}.Debug|x86.ActiveCfg = Debug|Win32
		{A8B565F5-5966-447C-9952-B31D6F5DA376}.Debug|x86.Build.0 = Debug|Win32
		{A8B565F5-5966-447C-9952-B31D6F5DA376}.Release|x64.ActiveCfg = Release|x64
		{A8B565F5-5966-447C-9952-B31D6F5DA376}.Release|x64.Build.0 = Release|x64
		{A8B565F5-5966-447C-9952-B31D6F5DA376}.Release|x86.ActiveCfg = Release|Win32
		{A8B565F5-5966-447C-9952-B31D6F5DA376}.Release|x86.Build.0 = Release|Win32
	EndGlobalSection
	GlobalSection(SolutionProperties) = preSolution
		HideSolutionNode = FALSE
	EndGlobalSection
	GlobalSection(ExtensibilityGlobals) = postSolution
		SolutionGuid = {2066B0D5-B805-45DD-8307-74AE7EDFEAE3}
	EndGlobalSection
EndGlobal
